{
  "name": "darkreader-translations",
  "version": "0.0.0",
  "lockfileVersion": 2,
  "requires": true,
  "packages": {
    "": {
      "name": "darkreader-translations",
      "version": "0.0.0",
      "license": "MIT",
      "devDependencies": {},
      "funding": {
        "type": "opencollective",
        "url": "https://opencollective.com/darkreader"
      }
    }
  }
}
